
Microsoft Visual Studio Solution File, Format Version 12.00
# Visual Studio 15
VisualStudioVersion = 15.0.28307.852
MinimumVisualStudioVersion = 10.0.40219.1
Project("{FAE04EC0-301F-11D3-BF4B-00C04F79EFBC}") = "Chap6.Android", "Chap6\Chap6.Android\Chap6.Android.csproj", "{814862E3-F28C-4C9B-B610-4E209D7496ED}"
EndProject
Project("{FAE04EC0-301F-11D3-BF4B-00C04F79EFBC}") = "Chap6.iOS", "Chap6\Chap6.iOS\Chap6.iOS.csproj", "{064D6DBF-75C4-4178-A523-058685A67672}"
EndProject
Project("{FAE04EC0-301F-11D3-BF4B-00C04F79EFBC}") = "Chap6", "Chap6\Chap6\Chap6.csproj", "{0D98D35A-4357-4B0B-8B7C-DCC61AF52D11}"
EndProject
Global
	GlobalSection(SolutionConfigurationPlatforms) = preSolution
		Ad-Hoc|Any CPU = Ad-Hoc|Any CPU
		Ad-Hoc|iPhone = Ad-Hoc|iPhone
		Ad-Hoc|iPhoneSimulator = Ad-Hoc|iPhoneSimulator
		AppStore|Any CPU = AppStore|Any CPU
		AppStore|iPhone = AppStore|iPhone
		AppStore|iPhoneSimulator = AppStore|iPhoneSimulator
		Debug|Any CPU = Debug|Any CPU
		Debug|iPhone = Debug|iPhone
		Debug|iPhoneSimulator = Debug|iPhoneSimulator
		Release|Any CPU = Release|Any CPU
		Release|iPhone = Release|iPhone
		Release|iPhoneSimulator = Release|iPhoneSimulator
	EndGlobalSection
	GlobalSection(ProjectConfigurationPlatforms) = postSolution
		{814862E3-F28C-4C9B-B610-4E209D7496ED}.Ad-Hoc|Any CPU.ActiveCfg = Release|Any CPU
		{814862E3-F28C-4C9B-B610-4E209D7496ED}.Ad-Hoc|Any CPU.Build.0 = Release|Any CPU
		{814862E3-F28C-4C9B-B610-4E209D7496ED}.Ad-Hoc|Any CPU.Deploy.0 = Release|Any CPU
		{814862E3-F28C-4C9B-B610-4E209D7496ED}.Ad-Hoc|iPhone.ActiveCfg = Release|Any CPU
		{814862E3-F28C-4C9B-B610-4E209D7496ED}.Ad-Hoc|iPhone.Build.0 = Release|Any CPU
		{814862E3-F28C-4C9B-B610-4E209D7496ED}.Ad-Hoc|iPhone.Deploy.0 = Release|Any CPU
		{814862E3-F28C-4C9B-B610-4E209D7496ED}.Ad-Hoc|iPhoneSimulator.ActiveCfg = Release|Any CPU
		{814862E3-F28C-4C9B-B610-4E209D7496ED}.Ad-Hoc|iPhoneSimulator.Build.0 = Release|Any CPU
		{814862E3-F28C-4C9B-B610-4E209D7496ED}.Ad-Hoc|iPhoneSimulator.Deploy.0 = Release|Any CPU
		{814862E3-F28C-4C9B-B610-4E209D7496ED}.AppStore|Any CPU.ActiveCfg = Release|Any CPU
		{814862E3-F28C-4C9B-B610-4E209D7496ED}.AppStore|Any CPU.Build.0 = Release|Any CPU
		{814862E3-F28C-4C9B-B610-4E209D7496ED}.AppStore|Any CPU.Deploy.0 = Release|Any CPU
		{814862E3-F28C-4C9B-B610-4E209D7496ED}.AppStore|iPhone.ActiveCfg = Release|Any CPU
		{814862E3-F28C-4C9B-B610-4E209D7496ED}.AppStore|iPhone.Build.0 = Release|Any CPU
		{814862E3-F28C-4C9B-B610-4E209D7496ED}.AppStore|iPhone.Deploy.0 = Release|Any CPU
		{814862E3-F28C-4C9B-B610-4E209D7496ED}.AppStore|iPhoneSimulator.ActiveCfg = Release|Any CPU
		{814862E3-F28C-4C9B-B610-4E209D7496ED}.AppStore|iPhoneSimulator.Build.0 = Release|Any CPU
		{814862E3-F28C-4C9B-B610-4E209D7496ED}.AppStore|iPhoneSimulator.Deploy.0 = Release|Any CPU
		{814862E3-F28C-4C9B-B610-4E209D7496ED}.Debug|Any CPU.ActiveCfg = Debug|Any CPU
		{814862E3-F28C-4C9B-B610-4E209D7496ED}.Debug|Any CPU.Build.0 = Debug|Any CPU
		{814862E3-F28C-4C9B-B610-4E209D7496ED}.Debug|Any CPU.Deploy.0 = Debug|Any CPU
		{814862E3-F28C-4C9B-B610-4E209D7496ED}.Debug|iPhone.ActiveCfg = Debug|Any CPU
		{814862E3-F28C-4C9B-B610-4E209D7496ED}.Debug|iPhone.Build.0 = Debug|Any CPU
		{814862E3-F28C-4C9B-B610-4E209D7496ED}.Debug|iPhone.Deploy.0 = Debug|Any CPU
		{814862E3-F28C-4C9B-B610-4E209D7496ED}.Debug|iPhoneSimulator.ActiveCfg = Debug|Any CPU
		{814862E3-F28C-4C9B-B610-4E209D7496ED}.Debug|iPhoneSimulator.Build.0 = Debug|Any CPU
		{814862E3-F28C-4C9B-B610-4E209D7496ED}.Debug|iPhoneSimulator.Deploy.0 = Debug|Any CPU
		{814862E3-F28C-4C9B-B610-4E209D7496ED}.Release|Any CPU.ActiveCfg = Release|Any CPU
		{814862E3-F28C-4C9B-B610-4E209D7496ED}.Release|Any CPU.Build.0 = Release|Any CPU
		{814862E3-F28C-4C9B-B610-4E209D7496ED}.Release|Any CPU.Deploy.0 = Release|Any CPU
		{814862E3-F28C-4C9B-B610-4E209D7496ED}.Release|iPhone.ActiveCfg = Release|Any CPU
		{814862E3-F28C-4C9B-B610-4E209D7496ED}.Release|iPhone.Build.0 = Release|Any CPU
		{814862E3-F28C-4C9B-B610-4E209D7496ED}.Release|iPhone.Deploy.0 = Release|Any CPU
		{814862E3-F28C-4C9B-B610-4E209D7496ED}.Release|iPhoneSimulator.ActiveCfg = Release|Any CPU
		{814862E3-F28C-4C9B-B610-4E209D7496ED}.Release|iPhoneSimulator.Build.0 = Release|Any CPU
		{814862E3-F28C-4C9B-B610-4E209D7496ED}.Release|iPhoneSimulator.Deploy.0 = Release|Any CPU
		{064D6DBF-75C4-4178-A523-058685A67672}.Ad-Hoc|Any CPU.ActiveCfg = Ad-Hoc|iPhone
		{064D6DBF-75C4-4178-A523-058685A67672}.Ad-Hoc|Any CPU.Build.0 = Ad-Hoc|iPhone
		{064D6DBF-75C4-4178-A523-058685A67672}.Ad-Hoc|Any CPU.Deploy.0 = Ad-Hoc|iPhone
		{064D6DBF-75C4-4178-A523-058685A67672}.Ad-Hoc|iPhone.ActiveCfg = Ad-Hoc|iPhone
		{064D6DBF-75C4-4178-A523-058685A67672}.Ad-Hoc|iPhone.Build.0 = Ad-Hoc|iPhone
		{064D6DBF-75C4-4178-A523-058685A67672}.Ad-Hoc|iPhone.Deploy.0 = Ad-Hoc|iPhone
		{064D6DBF-75C4-4178-A523-058685A67672}.Ad-Hoc|iPhoneSimulator.ActiveCfg = Ad-Hoc|iPhoneSimulator
		{064D6DBF-75C4-4178-A523-058685A67672}.Ad-Hoc|iPhoneSimulator.Build.0 = Ad-Hoc|iPhoneSimulator
		{064D6DBF-75C4-4178-A523-058685A67672}.Ad-Hoc|iPhoneSimulator.Deploy.0 = Ad-Hoc|iPhoneSimulator
		{064D6DBF-75C4-4178-A523-058685A67672}.AppStore|Any CPU.ActiveCfg = AppStore|iPhone
		{064D6DBF-75C4-4178-A523-058685A67672}.AppStore|Any CPU.Build.0 = AppStore|iPhone
		{064D6DBF-75C4-4178-A523-058685A67672}.AppStore|Any CPU.Deploy.0 = AppStore|iPhone
		{064D6DBF-75C4-4178-A523-058685A67672}.AppStore|iPhone.ActiveCfg = AppStore|iPhone
		{064D6DBF-75C4-4178-A523-058685A67672}.AppStore|iPhone.Build.0 = AppStore|iPhone
		{064D6DBF-75C4-4178-A523-058685A67672}.AppStore|iPhone.Deploy.0 = AppStore|iPhone
		{064D6DBF-75C4-4178-A523-058685A67672}.AppStore|iPhoneSimulator.ActiveCfg = AppStore|iPhoneSimulator
		{064D6DBF-75C4-4178-A523-058685A67672}.AppStore|iPhoneSimulator.Build.0 = AppStore|iPhoneSimulator
		{064D6DBF-75C4-4178-A523-058685A67672}.AppStore|iPhoneSimulator.Deploy.0 = AppStore|iPhoneSimulator
		{064D6DBF-75C4-4178-A523-058685A67672}.Debug|Any CPU.ActiveCfg = Debug|iPhoneSimulator
		{064D6DBF-75C4-4178-A523-058685A67672}.Debug|Any CPU.Build.0 = Debug|iPhoneSimulator
		{064D6DBF-75C4-4178-A523-058685A67672}.Debug|Any CPU.Deploy.0 = Debug|iPhoneSimulator
		{064D6DBF-75C4-4178-A523-058685A67672}.Debug|iPhone.ActiveCfg = Debug|iPhone
		{064D6DBF-75C4-4178-A523-058685A67672}.Debug|iPhone.Build.0 = Debug|iPhone
		{064D6DBF-75C4-4178-A523-058685A67672}.Debug|iPhone.Deploy.0 = Debug|iPhone
		{064D6DBF-75C4-4178-A523-058685A67672}.Debug|iPhoneSimulator.ActiveCfg = Debug|iPhoneSimulator
		{064D6DBF-75C4-4178-A523-058685A67672}.Debug|iPhoneSimulator.Build.0 = Debug|iPhoneSimulator
		{064D6DBF-75C4-4178-A523-058685A67672}.Debug|iPhoneSimulator.Deploy.0 = Debug|iPhoneSimulator
		{064D6DBF-75C4-4178-A523-058685A67672}.Release|Any CPU.ActiveCfg = Release|iPhone
		{064D6DBF-75C4-4178-A523-058685A67672}.Release|Any CPU.Build.0 = Release|iPhone
		{064D6DBF-75C4-4178-A523-058685A67672}.Release|Any CPU.Deploy.0 = Release|iPhone
		{064D6DBF-75C4-4178-A523-058685A67672}.Release|iPhone.ActiveCfg = Release|iPhone
		{064D6DBF-75C4-4178-A523-058685A67672}.Release|iPhone.Build.0 = Release|iPhone
		{064D6DBF-75C4-4178-A523-058685A67672}.Release|iPhone.Deploy.0 = Release|iPhone
		{064D6DBF-75C4-4178-A523-058685A67672}.Release|iPhoneSimulator.ActiveCfg = Release|iPhoneSimulator
		{064D6DBF-75C4-4178-A523-058685A67672}.Release|iPhoneSimulator.Build.0 = Release|iPhoneSimulator
		{064D6DBF-75C4-4178-A523-058685A67672}.Release|iPhoneSimulator.Deploy.0 = Release|iPhoneSimulator
		{0D98D35A-4357-4B0B-8B7C-DCC61AF52D11}.Ad-Hoc|Any CPU.ActiveCfg = Debug|Any CPU
		{0D98D35A-4357-4B0B-8B7C-DCC61AF52D11}.Ad-Hoc|Any CPU.Build.0 = Debug|Any CPU
		{0D98D35A-4357-4B0B-8B7C-DCC61AF52D11}.Ad-Hoc|Any CPU.Deploy.0 = Debug|Any CPU
		{0D98D35A-4357-4B0B-8B7C-DCC61AF52D11}.Ad-Hoc|iPhone.ActiveCfg = Debug|Any CPU
		{0D98D35A-4357-4B0B-8B7C-DCC61AF52D11}.Ad-Hoc|iPhone.Build.0 = Debug|Any CPU
		{0D98D35A-4357-4B0B-8B7C-DCC61AF52D11}.Ad-Hoc|iPhone.Deploy.0 = Debug|Any CPU
		{0D98D35A-4357-4B0B-8B7C-DCC61AF52D11}.Ad-Hoc|iPhoneSimulator.ActiveCfg = Debug|Any CPU
		{0D98D35A-4357-4B0B-8B7C-DCC61AF52D11}.Ad-Hoc|iPhoneSimulator.Build.0 = Debug|Any CPU
		{0D98D35A-4357-4B0B-8B7C-DCC61AF52D11}.Ad-Hoc|iPhoneSimulator.Deploy.0 = Debug|Any CPU
		{0D98D35A-4357-4B0B-8B7C-DCC61AF52D11}.AppStore|Any CPU.ActiveCfg = Debug|Any CPU
		{0D98D35A-4357-4B0B-8B7C-DCC61AF52D11}.AppStore|Any CPU.Build.0 = Debug|Any CPU
		{0D98D35A-4357-4B0B-8B7C-DCC61AF52D11}.AppStore|Any CPU.Deploy.0 = Debug|Any CPU
		{0D98D35A-4357-4B0B-8B7C-DCC61AF52D11}.AppStore|iPhone.ActiveCfg = Debug|Any CPU
		{0D98D35A-4357-4B0B-8B7C-DCC61AF52D11}.AppStore|iPhone.Build.0 = Debug|Any CPU
		{0D98D35A-4357-4B0B-8B7C-DCC61AF52D11}.AppStore|iPhone.Deploy.0 = Debug|Any CPU
		{0D98D35A-4357-4B0B-8B7C-DCC61AF52D11}.AppStore|iPhoneSimulator.ActiveCfg = Debug|Any CPU
		{0D98D35A-4357-4B0B-8B7C-DCC61AF52D11}.AppStore|iPhoneSimulator.Build.0 = Debug|Any CPU
		{0D98D35A-4357-4B0B-8B7C-DCC61AF52D11}.AppStore|iPhoneSimulator.Deploy.0 = Debug|Any CPU
		{0D98D35A-4357-4B0B-8B7C-DCC61AF52D11}.Debug|Any CPU.ActiveCfg = Debug|Any CPU
		{0D98D35A-4357-4B0B-8B7C-DCC61AF52D11}.Debug|Any CPU.Build.0 = Debug|Any CPU
		{0D98D35A-4357-4B0B-8B7C-DCC61AF52D11}.Debug|Any CPU.Deploy.0 = Debug|Any CPU
		{0D98D35A-4357-4B0B-8B7C-DCC61AF52D11}.Debug|iPhone.ActiveCfg = Debug|Any CPU
		{0D98D35A-4357-4B0B-8B7C-DCC61AF52D11}.Debug|iPhone.Build.0 = Debug|Any CPU
		{0D98D35A-4357-4B0B-8B7C-DCC61AF52D11}.Debug|iPhone.Deploy.0 = Debug|Any CPU
		{0D98D35A-4357-4B0B-8B7C-DCC61AF52D11}.Debug|iPhoneSimulator.ActiveCfg = Debug|Any CPU
		{0D98D35A-4357-4B0B-8B7C-DCC61AF52D11}.Debug|iPhoneSimulator.Build.0 = Debug|Any CPU
		{0D98D35A-4357-4B0B-8B7C-DCC61AF52D11}.Debug|iPhoneSimulator.Deploy.0 = Debug|Any CPU
		{0D98D35A-4357-4B0B-8B7C-DCC61AF52D11}.Release|Any CPU.ActiveCfg = Release|Any CPU
		{0D98D35A-4357-4B0B-8B7C-DCC61AF52D11}.Release|Any CPU.Build.0 = Release|Any CPU
		{0D98D35A-4357-4B0B-8B7C-DCC61AF52D11}.Release|Any CPU.Deploy.0 = Release|Any CPU
		{0D98D35A-4357-4B0B-8B7C-DCC61AF52D11}.Release|iPhone.ActiveCfg = Release|Any CPU
		{0D98D35A-4357-4B0B-8B7C-DCC61AF52D11}.Release|iPhone.Build.0 = Release|Any CPU
		{0D98D35A-4357-4B0B-8B7C-DCC61AF52D11}.Release|iPhone.Deploy.0 = Release|Any CPU
		{0D98D35A-4357-4B0B-8B7C-DCC61AF52D11}.Release|iPhoneSimulator.ActiveCfg = Release|Any CPU
		{0D98D35A-4357-4B0B-8B7C-DCC61AF52D11}.Release|iPhoneSimulator.Build.0 = Release|Any CPU
		{0D98D35A-4357-4B0B-8B7C-DCC61AF52D11}.Release|iPhoneSimulator.Deploy.0 = Release|Any CPU
	EndGlobalSection
	GlobalSection(SolutionProperties) = preSolution
		HideSolutionNode = FALSE
	EndGlobalSection
	GlobalSection(ExtensibilityGlobals) = postSolution
		SolutionGuid = {A3EADB33-59AB-405E-8B7F-195984B01391}
	EndGlobalSection
EndGlobal
